<?xml version="1.0" encoding="utf-8"?>
<Project ToolsVersion="4.0" xmlns="http://schemas.microsoft.com/developer/msbuild/2003">
  <ItemGroup>
    <ClCompile Include="CommitRollback.cpp" />
    <ClCompile Include="main.cpp" />
    <ClCompile Include="CPolymorphism.cpp" />
    <ClCompile Include="AsynTask.cpp" />
    <ClCompile Include="RangeLoop.cpp" />
    <ClCompile Include="Iterable.cpp" />
  </ItemGroup>
  <ItemGroup>
    <ClInclude Include="Common.h" />
  </ItemGroup>
</Project>